# @generated by Move, please check-in and do not edit manually.

[move]
version = 3
manifest_digest = "5B228063ADD8FADF0EA0BA80DC8655BDEA5B4A3AD7E7647125B03F82295F695E"
deps_digest = "F8BBB0CCB2491CA29A3DF03D6F92277A4F3574266507ACD77214D37ECA3F3082"
dependencies = [
  { id = "One", name = "One" },
]

[[move.package]]
id = "MoveStdlib"
source = { git = "https://github.com/one-chain-labs/onechain.git", rev = "main", subdir = "crates/sui-framework/packages/move-stdlib" }

[[move.package]]
id = "One"
source = { git = "https://github.com/one-chain-labs/onechain.git", rev = "main", subdir = "crates/sui-framework/packages/one-framework" }

dependencies = [
  { id = "MoveStdlib", name = "MoveStdlib" },
]

[move.toolchain-version]
compiler-version = "1.0.1"
edition = "2024.beta"
flavor = "one"

[env]

[env.testnet]
chain-id = "1bd5c965"
original-published-id = "0x3f4d51108c6ac9d388689521a62bd2273377b22304f262cfe57b5774eedc10ed"
latest-published-id = "0x3f4d51108c6ac9d388689521a62bd2273377b22304f262cfe57b5774eedc10ed"
published-version = "1"
